
Microsoft Visual Studio Solution File, Format Version 12.00
# Visual Studio Version 17
VisualStudioVersion = 17.2.32630.192
MinimumVisualStudioVersion = 10.0.40219.1
Project("{FAE04EC0-301F-11D3-BF4B-00C04F79EFBC}") = "BinarySearchTree", "Proba\BinarySearchTree.csproj", "{22952119-74BD-4004-9668-CF376E7597A0}"
EndProject
Global
	GlobalSection(SolutionConfigurationPlatforms) = preSolution
		Debug|Any CPU = Debug|Any CPU
		Release|Any CPU = Release|Any CPU
	EndGlobalSection
	GlobalSection(ProjectConfigurationPlatforms) = postSolution
		{22952119-74BD-4004-9668-CF376E7597A0}.Debug|Any CPU.ActiveCfg = Debug|Any CPU
		{22952119-74BD-4004-9668-CF376E7597A0}.Debug|Any CPU.Build.0 = Debug|Any CPU
		{22952119-74BD-4004-9668-CF376E7597A0}.Release|Any CPU.ActiveCfg = Release|Any CPU
		{22952119-74BD-4004-9668-CF376E7597A0}.Release|Any CPU.Build.0 = Release|Any CPU
	EndGlobalSection
	GlobalSection(SolutionProperties) = preSolution
		HideSolutionNode = FALSE
	EndGlobalSection
	GlobalSection(ExtensibilityGlobals) = postSolution
		SolutionGuid = {FCF7B5EA-8ABD-4A16-BEE3-D6F0609CDF6D}
	EndGlobalSection
EndGlobal
